Microsoft Visual Studio Solution File, Format Version 12.00
# Visual Studio Version 17
VisualStudioVersion = 17.5.2.0
MinimumVisualStudioVersion = 10.0.40219.1
Project("{FAE04EC0-301F-11D3-BF4B-00C04F79EFBC}") = "TownOfUsStatsExporter", "TownOfUsStatsExporter.csproj", "{3A38EA0C-F211-F645-E190-4FEEAB6DAAD2}"
EndProject
Global
	GlobalSection(SolutionConfigurationPlatforms) = preSolution
		Debug|Any CPU = Debug|Any CPU
		Release|Any CPU = Release|Any CPU
	EndGlobalSection
	GlobalSection(ProjectConfigurationPlatforms) = postSolution
		{3A38EA0C-F211-F645-E190-4FEEAB6DAAD2}.Debug|Any CPU.ActiveCfg = Debug|Any CPU
		{3A38EA0C-F211-F645-E190-4FEEAB6DAAD2}.Debug|Any CPU.Build.0 = Debug|Any CPU
		{3A38EA0C-F211-F645-E190-4FEEAB6DAAD2}.Release|Any CPU.ActiveCfg = Release|Any CPU
		{3A38EA0C-F211-F645-E190-4FEEAB6DAAD2}.Release|Any CPU.Build.0 = Release|Any CPU
	EndGlobalSection
	GlobalSection(SolutionProperties) = preSolution
		HideSolutionNode = FALSE
	EndGlobalSection
	GlobalSection(ExtensibilityGlobals) = postSolution
		SolutionGuid = {0C320282-8926-42D5-8CB0-5F5854F3E398}
	EndGlobalSection
EndGlobal
